
Microsoft Visual Studio Solution File, Format Version 12.00
# Visual Studio Version 16
VisualStudioVersion = 16.0.30011.22
MinimumVisualStudioVersion = 10.0.40219.1
Project("{9A19103F-16F7-4668-BE54-9A1E7A4F7556}") = "NLayerProject.API", "NLayerProject.API\NLayerProject.API.csproj", "{A3DFBB9B-CEC1-4891-AC1F-82FB9A9428ED}"
EndProject
Project("{9A19103F-16F7-4668-BE54-9A1E7A4F7556}") = "NLayerProject.Core", "NLayerProject.Core\NLayerProject.Core.csproj", "{C4564231-CE67-4524-9750-866CA7F37BDC}"
EndProject
Project("{9A19103F-16F7-4668-BE54-9A1E7A4F7556}") = "NLayerProject.Data", "NLayerProject.Data\NLayerProject.Data.csproj", "{4E1A1832-9ABE-4EBC-80AC-2D19BB6E4F5E}"
EndProject
Project("{9A19103F-16F7-4668-BE54-9A1E7A4F7556}") = "NLayerProject.Service", "NLayerProject.Service\NLayerProject.Service.csproj", "{F097A074-EFD5-4765-B9EC-D69338B19108}"
EndProject
Global
	GlobalSection(SolutionConfigurationPlatforms) = preSolution
		Debug|Any CPU = Debug|Any CPU
		Release|Any CPU = Release|Any CPU
	EndGlobalSection
	GlobalSection(ProjectConfigurationPlatforms) = postSolution
		{A3DFBB9B-CEC1-4891-AC1F-82FB9A9428ED}.Debug|Any CPU.ActiveCfg = Debug|Any CPU
		{A3DFBB9B-CEC1-4891-AC1F-82FB9A9428ED}.Debug|Any CPU.Build.0 = Debug|Any CPU
		{A3DFBB9B-CEC1-4891-AC1F-82FB9A9428ED}.Release|Any CPU.ActiveCfg = Release|Any CPU
		{A3DFBB9B-CEC1-4891-AC1F-82FB9A9428ED}.Release|Any CPU.Build.0 = Release|Any CPU
		{C4564231-CE67-4524-9750-866CA7F37BDC}.Debug|Any CPU.ActiveCfg = Debug|Any CPU
		{C4564231-CE67-4524-9750-866CA7F37BDC}.Debug|Any CPU.Build.0 = Debug|Any CPU
		{C4564231-CE67-4524-9750-866CA7F37BDC}.Release|Any CPU.ActiveCfg = Release|Any CPU
		{C4564231-CE67-4524-9750-866CA7F37BDC}.Release|Any CPU.Build.0 = Release|Any CPU
		{4E1A1832-9ABE-4EBC-80AC-2D19BB6E4F5E}.Debug|Any CPU.ActiveCfg = Debug|Any CPU
		{4E1A1832-9ABE-4EBC-80AC-2D19BB6E4F5E}.Debug|Any CPU.Build.0 = Debug|Any CPU
		{4E1A1832-9ABE-4EBC-80AC-2D19BB6E4F5E}.Release|Any CPU.ActiveCfg = Release|Any CPU
		{4E1A1832-9ABE-4EBC-80AC-2D19BB6E4F5E}.Release|Any CPU.Build.0 = Release|Any CPU
		{F097A074-EFD5-4765-B9EC-D69338B19108}.Debug|Any CPU.ActiveCfg = Debug|Any CPU
		{F097A074-EFD5-4765-B9EC-D69338B19108}.Debug|Any CPU.Build.0 = Debug|Any CPU
		{F097A074-EFD5-4765-B9EC-D69338B19108}.Release|Any CPU.ActiveCfg = Release|Any CPU
		{F097A074-EFD5-4765-B9EC-D69338B19108}.Release|Any CPU.Build.0 = Release|Any CPU
	EndGlobalSection
	GlobalSection(SolutionProperties) = preSolution
		HideSolutionNode = FALSE
	EndGlobalSection
	GlobalSection(ExtensibilityGlobals) = postSolution
		SolutionGuid = {DD6957DD-376F-4897-9A86-4267F5B5EEFA}
	EndGlobalSection
EndGlobal
